
Microsoft Visual Studio Solution File, Format Version 12.00
# Visual Studio Version 17
VisualStudioVersion = 17.14.36301.6
MinimumVisualStudioVersion = 10.0.40219.1
Project("{FAE04EC0-301F-11D3-BF4B-00C04F79EFBC}") = "Classes", "Classes\Classes.csproj", "{F1AE51BF-5C1F-4731-AB27-C872202E31BE}"
EndProject
Project("{FAE04EC0-301F-11D3-BF4B-00C04F79EFBC}") = "API", "..\API\API.csproj", "{A1678CBC-C00B-4257-A1BB-A6F0EAE798FE}"
EndProject
Project("{FAE04EC0-301F-11D3-BF4B-00C04F79EFBC}") = "Tests", "..\Tests\Tests.csproj", "{FEE5F5F9-E8DF-474A-BD1B-C440E9B1B656}"
EndProject
Project("{FAE04EC0-301F-11D3-BF4B-00C04F79EFBC}") = "WindowsForms", "..\WindowsForms\WindowsForms.csproj", "{2C3A3020-6AA2-48EF-BD2D-5083023B9D3E}"
EndProject
Global
	GlobalSection(SolutionConfigurationPlatforms) = preSolution
		Debug|Any CPU = Debug|Any CPU
		Release|Any CPU = Release|Any CPU
	EndGlobalSection
	GlobalSection(ProjectConfigurationPlatforms) = postSolution
		{F1AE51BF-5C1F-4731-AB27-C872202E31BE}.Debug|Any CPU.ActiveCfg = Debug|Any CPU
		{F1AE51BF-5C1F-4731-AB27-C872202E31BE}.Debug|Any CPU.Build.0 = Debug|Any CPU
		{F1AE51BF-5C1F-4731-AB27-C872202E31BE}.Release|Any CPU.ActiveCfg = Release|Any CPU
		{F1AE51BF-5C1F-4731-AB27-C872202E31BE}.Release|Any CPU.Build.0 = Release|Any CPU
		{A1678CBC-C00B-4257-A1BB-A6F0EAE798FE}.Debug|Any CPU.ActiveCfg = Debug|Any CPU
		{A1678CBC-C00B-4257-A1BB-A6F0EAE798FE}.Debug|Any CPU.Build.0 = Debug|Any CPU
		{A1678CBC-C00B-4257-A1BB-A6F0EAE798FE}.Release|Any CPU.ActiveCfg = Release|Any CPU
		{A1678CBC-C00B-4257-A1BB-A6F0EAE798FE}.Release|Any CPU.Build.0 = Release|Any CPU
		{FEE5F5F9-E8DF-474A-BD1B-C440E9B1B656}.Debug|Any CPU.ActiveCfg = Debug|Any CPU
		{FEE5F5F9-E8DF-474A-BD1B-C440E9B1B656}.Debug|Any CPU.Build.0 = Debug|Any CPU
		{FEE5F5F9-E8DF-474A-BD1B-C440E9B1B656}.Release|Any CPU.ActiveCfg = Release|Any CPU
		{FEE5F5F9-E8DF-474A-BD1B-C440E9B1B656}.Release|Any CPU.Build.0 = Release|Any CPU
		{2C3A3020-6AA2-48EF-BD2D-5083023B9D3E}.Debug|Any CPU.ActiveCfg = Debug|Any CPU
		{2C3A3020-6AA2-48EF-BD2D-5083023B9D3E}.Debug|Any CPU.Build.0 = Debug|Any CPU
		{2C3A3020-6AA2-48EF-BD2D-5083023B9D3E}.Release|Any CPU.ActiveCfg = Release|Any CPU
		{2C3A3020-6AA2-48EF-BD2D-5083023B9D3E}.Release|Any CPU.Build.0 = Release|Any CPU
	EndGlobalSection
	GlobalSection(SolutionProperties) = preSolution
		HideSolutionNode = FALSE
	EndGlobalSection
	GlobalSection(ExtensibilityGlobals) = postSolution
		SolutionGuid = {0EA71665-75D3-4BB1-88E9-036B2843D7DB}
	EndGlobalSection
EndGlobal
