
Microsoft Visual Studio Solution File, Format Version 12.00
# Visual Studio Version 17
VisualStudioVersion = 17.11.35303.130
MinimumVisualStudioVersion = 10.0.40219.1
Project("{FAE04EC0-301F-11D3-BF4B-00C04F79EFBC}") = "Classes", "Classes.csproj", "{16012903-B871-4C25-8176-1E07F0BDFA15}"
EndProject
Project("{FAE04EC0-301F-11D3-BF4B-00C04F79EFBC}") = "WindowsForms", "..\WindowsForms\WindowsForms.csproj", "{8847730F-D062-4E58-B275-BB79E5C93DC1}"
EndProject
Project("{FAE04EC0-301F-11D3-BF4B-00C04F79EFBC}") = "Tests", "..\Tests\Tests.csproj", "{5095E0A5-F154-42CE-A224-0E771D5FF496}"
EndProject
Project("{9A19103F-16F7-4668-BE54-9A1E7A4F7556}") = "API", "..\API\API.csproj", "{D671DDEA-A111-40B1-A013-46DD261BF573}"
EndProject
Project("{2150E333-8FDC-42A3-9474-1A3956D46DE8}") = "Элементы решения", "Элементы решения", "{279398DA-4AFD-4D72-A218-ACE662C13145}"
	ProjectSection(SolutionItems) = preProject
		.gitignore = .gitignore
	EndProjectSection
EndProject
Global
	GlobalSection(SolutionConfigurationPlatforms) = preSolution
		Debug|Any CPU = Debug|Any CPU
		Release|Any CPU = Release|Any CPU
	EndGlobalSection
	GlobalSection(ProjectConfigurationPlatforms) = postSolution
		{16012903-B871-4C25-8176-1E07F0BDFA15}.Debug|Any CPU.ActiveCfg = Debug|Any CPU
		{16012903-B871-4C25-8176-1E07F0BDFA15}.Debug|Any CPU.Build.0 = Debug|Any CPU
		{16012903-B871-4C25-8176-1E07F0BDFA15}.Release|Any CPU.ActiveCfg = Release|Any CPU
		{16012903-B871-4C25-8176-1E07F0BDFA15}.Release|Any CPU.Build.0 = Release|Any CPU
		{8847730F-D062-4E58-B275-BB79E5C93DC1}.Debug|Any CPU.ActiveCfg = Debug|Any CPU
		{8847730F-D062-4E58-B275-BB79E5C93DC1}.Debug|Any CPU.Build.0 = Debug|Any CPU
		{8847730F-D062-4E58-B275-BB79E5C93DC1}.Release|Any CPU.ActiveCfg = Release|Any CPU
		{8847730F-D062-4E58-B275-BB79E5C93DC1}.Release|Any CPU.Build.0 = Release|Any CPU
		{5095E0A5-F154-42CE-A224-0E771D5FF496}.Debug|Any CPU.ActiveCfg = Debug|Any CPU
		{5095E0A5-F154-42CE-A224-0E771D5FF496}.Debug|Any CPU.Build.0 = Debug|Any CPU
		{5095E0A5-F154-42CE-A224-0E771D5FF496}.Release|Any CPU.ActiveCfg = Release|Any CPU
		{5095E0A5-F154-42CE-A224-0E771D5FF496}.Release|Any CPU.Build.0 = Release|Any CPU
		{D671DDEA-A111-40B1-A013-46DD261BF573}.Debug|Any CPU.ActiveCfg = Debug|Any CPU
		{D671DDEA-A111-40B1-A013-46DD261BF573}.Debug|Any CPU.Build.0 = Debug|Any CPU
		{D671DDEA-A111-40B1-A013-46DD261BF573}.Release|Any CPU.ActiveCfg = Release|Any CPU
		{D671DDEA-A111-40B1-A013-46DD261BF573}.Release|Any CPU.Build.0 = Release|Any CPU
	EndGlobalSection
	GlobalSection(SolutionProperties) = preSolution
		HideSolutionNode = FALSE
	EndGlobalSection
	GlobalSection(ExtensibilityGlobals) = postSolution
		SolutionGuid = {7F38E7E2-1AC8-4CEE-8CF8-57849BA96D41}
	EndGlobalSection
EndGlobal
